
Microsoft Visual Studio Solution File, Format Version 12.00
# Visual Studio Version 16
VisualStudioVersion = 16.0.30114.105
MinimumVisualStudioVersion = 10.0.40219.1
Project("{9A19103F-16F7-4668-BE54-9A1E7A4F7556}") = "AspNetCore.ChartJsTool", "AspNetCore.ChartJsTool\AspNetCore.ChartJsTool.csproj", "{BE7418E4-3DA2-4995-84B5-073B0A34B66F}"
EndProject
Project("{9A19103F-16F7-4668-BE54-9A1E7A4F7556}") = "AspNetCore.Instalers", "AspNetCore.Instalers\AspNetCore.Instalers.csproj", "{8FAF1B9A-0BAE-4FC0-9942-84D86066A44D}"
EndProject
Project("{9A19103F-16F7-4668-BE54-9A1E7A4F7556}") = "GeneralUse.MySqlTool", "GeneralUse.MySqlTool\GeneralUse.MySqlTool.csproj", "{19544C63-CFDC-4B85-A4D5-18C0F0AD5B00}"
EndProject
Project("{9A19103F-16F7-4668-BE54-9A1E7A4F7556}") = "Unity.Singleton", "Unity.Singleton\Unity.Singleton.csproj", "{025961A1-A353-4ACF-8181-70A8557FCEBC}"
EndProject
Project("{9A19103F-16F7-4668-BE54-9A1E7A4F7556}") = "GeneralUse.RestService", "GeneralUse.RestService\GeneralUse.RestService.csproj", "{AE878E97-88C2-4D2C-BC45-9E98C108625C}"
EndProject
Project("{9A19103F-16F7-4668-BE54-9A1E7A4F7556}") = "GeneralUse.DeepCopy", "GeneralUse.DeepCopy\GeneralUse.DeepCopy.csproj", "{6C0FE27A-C4C3-4032-9D7D-EE44FE7539FE}"
EndProject
Project("{9A19103F-16F7-4668-BE54-9A1E7A4F7556}") = "Helper.Dictionary", "Helper.Dictionary\Helper.Dictionary.csproj", "{D0133A08-86EE-4801-8F13-8761F0F843ED}"
EndProject
Project("{9A19103F-16F7-4668-BE54-9A1E7A4F7556}") = "IO.JsonFile", "IO.JsonFile\IO.JsonFile.csproj", "{A1E6824F-AEBD-4513-97F6-14354CFB02CC}"
EndProject
Project("{FAE04EC0-301F-11D3-BF4B-00C04F79EFBC}") = "WPF.MVVM", "WPF.MVVM\WPF.MVVM.csproj", "{38F92A8A-802D-4D33-A720-1A8A81209E93}"
EndProject
Global
	GlobalSection(SolutionConfigurationPlatforms) = preSolution
		Debug|Any CPU = Debug|Any CPU
		Release|Any CPU = Release|Any CPU
	EndGlobalSection
	GlobalSection(ProjectConfigurationPlatforms) = postSolution
		{BE7418E4-3DA2-4995-84B5-073B0A34B66F}.Debug|Any CPU.ActiveCfg = Debug|Any CPU
		{BE7418E4-3DA2-4995-84B5-073B0A34B66F}.Debug|Any CPU.Build.0 = Debug|Any CPU
		{BE7418E4-3DA2-4995-84B5-073B0A34B66F}.Release|Any CPU.ActiveCfg = Release|Any CPU
		{BE7418E4-3DA2-4995-84B5-073B0A34B66F}.Release|Any CPU.Build.0 = Release|Any CPU
		{8FAF1B9A-0BAE-4FC0-9942-84D86066A44D}.Debug|Any CPU.ActiveCfg = Debug|Any CPU
		{8FAF1B9A-0BAE-4FC0-9942-84D86066A44D}.Debug|Any CPU.Build.0 = Debug|Any CPU
		{8FAF1B9A-0BAE-4FC0-9942-84D86066A44D}.Release|Any CPU.ActiveCfg = Release|Any CPU
		{8FAF1B9A-0BAE-4FC0-9942-84D86066A44D}.Release|Any CPU.Build.0 = Release|Any CPU
		{19544C63-CFDC-4B85-A4D5-18C0F0AD5B00}.Debug|Any CPU.ActiveCfg = Debug|Any CPU
		{19544C63-CFDC-4B85-A4D5-18C0F0AD5B00}.Debug|Any CPU.Build.0 = Debug|Any CPU
		{19544C63-CFDC-4B85-A4D5-18C0F0AD5B00}.Release|Any CPU.ActiveCfg = Release|Any CPU
		{19544C63-CFDC-4B85-A4D5-18C0F0AD5B00}.Release|Any CPU.Build.0 = Release|Any CPU
		{025961A1-A353-4ACF-8181-70A8557FCEBC}.Debug|Any CPU.ActiveCfg = Debug|Any CPU
		{025961A1-A353-4ACF-8181-70A8557FCEBC}.Debug|Any CPU.Build.0 = Debug|Any CPU
		{025961A1-A353-4ACF-8181-70A8557FCEBC}.Release|Any CPU.ActiveCfg = Release|Any CPU
		{025961A1-A353-4ACF-8181-70A8557FCEBC}.Release|Any CPU.Build.0 = Release|Any CPU
		{AE878E97-88C2-4D2C-BC45-9E98C108625C}.Debug|Any CPU.ActiveCfg = Debug|Any CPU
		{AE878E97-88C2-4D2C-BC45-9E98C108625C}.Debug|Any CPU.Build.0 = Debug|Any CPU
		{AE878E97-88C2-4D2C-BC45-9E98C108625C}.Release|Any CPU.ActiveCfg = Release|Any CPU
		{AE878E97-88C2-4D2C-BC45-9E98C108625C}.Release|Any CPU.Build.0 = Release|Any CPU
		{6C0FE27A-C4C3-4032-9D7D-EE44FE7539FE}.Debug|Any CPU.ActiveCfg = Debug|Any CPU
		{6C0FE27A-C4C3-4032-9D7D-EE44FE7539FE}.Debug|Any CPU.Build.0 = Debug|Any CPU
		{6C0FE27A-C4C3-4032-9D7D-EE44FE7539FE}.Release|Any CPU.ActiveCfg = Release|Any CPU
		{6C0FE27A-C4C3-4032-9D7D-EE44FE7539FE}.Release|Any CPU.Build.0 = Release|Any CPU
		{D0133A08-86EE-4801-8F13-8761F0F843ED}.Debug|Any CPU.ActiveCfg = Debug|Any CPU
		{D0133A08-86EE-4801-8F13-8761F0F843ED}.Debug|Any CPU.Build.0 = Debug|Any CPU
		{D0133A08-86EE-4801-8F13-8761F0F843ED}.Release|Any CPU.ActiveCfg = Release|Any CPU
		{D0133A08-86EE-4801-8F13-8761F0F843ED}.Release|Any CPU.Build.0 = Release|Any CPU
		{A1E6824F-AEBD-4513-97F6-14354CFB02CC}.Debug|Any CPU.ActiveCfg = Debug|Any CPU
		{A1E6824F-AEBD-4513-97F6-14354CFB02CC}.Debug|Any CPU.Build.0 = Debug|Any CPU
		{A1E6824F-AEBD-4513-97F6-14354CFB02CC}.Release|Any CPU.ActiveCfg = Release|Any CPU
		{A1E6824F-AEBD-4513-97F6-14354CFB02CC}.Release|Any CPU.Build.0 = Release|Any CPU
		{38F92A8A-802D-4D33-A720-1A8A81209E93}.Debug|Any CPU.ActiveCfg = Debug|Any CPU
		{38F92A8A-802D-4D33-A720-1A8A81209E93}.Debug|Any CPU.Build.0 = Debug|Any CPU
		{38F92A8A-802D-4D33-A720-1A8A81209E93}.Release|Any CPU.ActiveCfg = Release|Any CPU
		{38F92A8A-802D-4D33-A720-1A8A81209E93}.Release|Any CPU.Build.0 = Release|Any CPU
	EndGlobalSection
	GlobalSection(SolutionProperties) = preSolution
		HideSolutionNode = FALSE
	EndGlobalSection
	GlobalSection(ExtensibilityGlobals) = postSolution
		SolutionGuid = {9DFD1488-F0A2-4945-BECA-FF4A41A88BE6}
	EndGlobalSection
EndGlobal
